// !$*UTF8*$!
{
	archiveVersion = 1;
	classes = {
	};
	objectVersion = 55;
	objects = {

/* Begin PBXBuildFile section */
		3C362F7C27DAEA3200C4B3C1 /* main.c in Sources */ = {isa = PBXBuildFile; fileRef = 3C362F7B27DAEA3200C4B3C1 /* main.c */; };
		3C362F8927DAEA5C00C4B3C1 /* main.c in Sources */ = {isa = PBXBuildFile; fileRef = 3C362F8827DAEA5C00C4B3C1 /* main.c */; };
		3C362F9427DAF46900C4B3C1 /* main.c in Sources */ = {isa = PBXBuildFile; fileRef = 3C362F9327DAF46900C4B3C1 /* main.c */; };
		3C362F9F27DAF51A00C4B3C1 /* main.c in Sources */ = {isa = PBXBuildFile; fileRef = 3C362F9E27DAF51A00C4B3C1 /* main.c */; };
		3C362FAA27DAF54500C4B3C1 /* main.c in Sources */ = {isa = PBXBuildFile; fileRef = 3C362FA927DAF54500C4B3C1 /* main.c */; };
		3C362FB527DAF56A00C4B3C1 /* main.c in Sources */ = {isa = PBXBuildFile; fileRef = 3C362FB427DAF56A00C4B3C1 /* main.c */; };
/* End PBXBuildFile section */

/* Begin PBXCopyFilesBuildPhase section */
		3C362F7627DAEA3200C4B3C1 /* CopyFiles */ = {
			isa = PBXCopyFilesBuildPhase;
			buildActionMask = 2147483647;
			dstPath = /usr/share/man/man1/;
			dstSubfolderSpec = 0;
			files = (
			);
			runOnlyForDeploymentPostprocessing = 1;
		};
		3C362F8427DAEA5C00C4B3C1 /* CopyFiles */ = {
			isa = PBXCopyFilesBuildPhase;
			buildActionMask = 2147483647;
			dstPath = /usr/share/man/man1/;
			dstSubfolderSpec = 0;
			files = (
			);
			runOnlyForDeploymentPostprocessing = 1;
		};
		3C362F8F27DAF46900C4B3C1 /* CopyFiles */ = {
			isa = PBXCopyFilesBuildPhase;
			buildActionMask = 2147483647;
			dstPath = /usr/share/man/man1/;
			dstSubfolderSpec = 0;
			files = (
			);
			runOnlyForDeploymentPostprocessing = 1;
		};
		3C362F9A27DAF51A00C4B3C1 /* CopyFiles */ = {
			isa = PBXCopyFilesBuildPhase;
			buildActionMask = 2147483647;
			dstPath = /usr/share/man/man1/;
			dstSubfolderSpec = 0;
			files = (
			);
			runOnlyForDeploymentPostprocessing = 1;
		};
		3C362FA527DAF54500C4B3C1 /* CopyFiles */ = {
			isa = PBXCopyFilesBuildPhase;
			buildActionMask = 2147483647;
			dstPath = /usr/share/man/man1/;
			dstSubfolderSpec = 0;
			files = (
			);
			runOnlyForDeploymentPostprocessing = 1;
		};
		3C362FB027DAF56A00C4B3C1 /* CopyFiles */ = {
			isa = PBXCopyFilesBuildPhase;
			buildActionMask = 2147483647;
			dstPath = /usr/share/man/man1/;
			dstSubfolderSpec = 0;
			files = (
			);
			runOnlyForDeploymentPostprocessing = 1;
		};
/* End PBXCopyFilesBuildPhase section */

/* Begin PBXFileReference section */
		3C362F7827DAEA3200C4B3C1 /* C-Language-Learning */ = {isa = PBXFileReference; explicitFileType = "compiled.mach-o.executable"; includeInIndex = 0; path = "C-Language-Learning"; sourceTree = BUILT_PRODUCTS_DIR; };
		3C362F7B27DAEA3200C4B3C1 /* main.c */ = {isa = PBXFileReference; lastKnownFileType = sourcecode.c.c; path = main.c; sourceTree = "<group>"; };
		3C362F8627DAEA5C00C4B3C1 /* lab1 */ = {isa = PBXFileReference; explicitFileType = "compiled.mach-o.executable"; includeInIndex = 0; path = lab1; sourceTree = BUILT_PRODUCTS_DIR; };
		3C362F8827DAEA5C00C4B3C1 /* main.c */ = {isa = PBXFileReference; lastKnownFileType = sourcecode.c.c; path = main.c; sourceTree = "<group>"; };
		3C362F9127DAF46900C4B3C1 /* lab2 */ = {isa = PBXFileReference; explicitFileType = "compiled.mach-o.executable"; includeInIndex = 0; path = lab2; sourceTree = BUILT_PRODUCTS_DIR; };
		3C362F9327DAF46900C4B3C1 /* main.c */ = {isa = PBXFileReference; lastKnownFileType = sourcecode.c.c; path = main.c; sourceTree = "<group>"; };
		3C362F9C27DAF51A00C4B3C1 /* lab3 */ = {isa = PBXFileReference; explicitFileType = "compiled.mach-o.executable"; includeInIndex = 0; path = lab3; sourceTree = BUILT_PRODUCTS_DIR; };
		3C362F9E27DAF51A00C4B3C1 /* main.c */ = {isa = PBXFileReference; lastKnownFileType = sourcecode.c.c; path = main.c; sourceTree = "<group>"; };
		3C362FA727DAF54500C4B3C1 /* lab4 */ = {isa = PBXFileReference; explicitFileType = "compiled.mach-o.executable"; includeInIndex = 0; path = lab4; sourceTree = BUILT_PRODUCTS_DIR; };
		3C362FA927DAF54500C4B3C1 /* main.c */ = {isa = PBXFileReference; lastKnownFileType = sourcecode.c.c; path = main.c; sourceTree = "<group>"; };
		3C362FB227DAF56A00C4B3C1 /* lab5 */ = {isa = PBXFileReference; explicitFileType = "compiled.mach-o.executable"; includeInIndex = 0; path = lab5; sourceTree = BUILT_PRODUCTS_DIR; };
		3C362FB427DAF56A00C4B3C1 /* main.c */ = {isa = PBXFileReference; lastKnownFileType = sourcecode.c.c; path = main.c; sourceTree = "<group>"; };
/* End PBXFileReference section */

/* Begin PBXFrameworksBuildPhase section */
		3C362F7527DAEA3200C4B3C1 /* Frameworks */ = {
			isa = PBXFrameworksBuildPhase;
			buildActionMask = 2147483647;
			files = (
			);
			runOnlyForDeploymentPostprocessing = 0;
		};
		3C362F8327DAEA5C00C4B3C1 /* Frameworks */ = {
			isa = PBXFrameworksBuildPhase;
			buildActionMask = 2147483647;
			files = (
			);
			runOnlyForDeploymentPostprocessing = 0;
		};
		3C362F8E27DAF46900C4B3C1 /* Frameworks */ = {
			isa = PBXFrameworksBuildPhase;
			buildActionMask = 2147483647;
			files = (
			);
			runOnlyForDeploymentPostprocessing = 0;
		};
		3C362F9927DAF51A00C4B3C1 /* Frameworks */ = {
			isa = PBXFrameworksBuildPhase;
			buildActionMask = 2147483647;
			files = (
			);
			runOnlyForDeploymentPostprocessing = 0;
		};
		3C362FA427DAF54500C4B3C1 /* Frameworks */ = {
			isa = PBXFrameworksBuildPhase;
			buildActionMask = 2147483647;
			files = (
			);
			runOnlyForDeploymentPostprocessing = 0;
		};
		3C362FAF27DAF56A00C4B3C1 /* Frameworks */ = {
			isa = PBXFrameworksBuildPhase;
			buildActionMask = 2147483647;
			files = (
			);
			runOnlyForDeploymentPostprocessing = 0;
		};
/* End PBXFrameworksBuildPhase section */

/* Begin PBXGroup section */
		3C362F6F27DAEA3200C4B3C1 = {
			isa = PBXGroup;
			children = (
				3C362F7A27DAEA3200C4B3C1 /* C-Language-Learning */,
				3C362F8727DAEA5C00C4B3C1 /* lab1 */,
				3C362F9227DAF46900C4B3C1 /* lab2 */,
				3C362F9D27DAF51A00C4B3C1 /* lab3 */,
				3C362FA827DAF54500C4B3C1 /* lab4 */,
				3C362FB327DAF56A00C4B3C1 /* lab5 */,
				3C362F7927DAEA3200C4B3C1 /* Products */,
			);
			sourceTree = "<group>";
		};
		3C362F7927DAEA3200C4B3C1 /* Products */ = {
			isa = PBXGroup;
			children = (
				3C362F7827DAEA3200C4B3C1 /* C-Language-Learning */,
				3C362F8627DAEA5C00C4B3C1 /* lab1 */,
				3C362F9127DAF46900C4B3C1 /* lab2 */,
				3C362F9C27DAF51A00C4B3C1 /* lab3 */,
				3C362FA727DAF54500C4B3C1 /* lab4 */,
				3C362FB227DAF56A00C4B3C1 /* lab5 */,
			);
			name = Products;
			sourceTree = "<group>";
		};
		3C362F7A27DAEA3200C4B3C1 /* C-Language-Learning */ = {
			isa = PBXGroup;
			children = (
				3C362F7B27DAEA3200C4B3C1 /* main.c */,
			);
			path = "C-Language-Learning";
			sourceTree = "<group>";
		};
		3C362F8727DAEA5C00C4B3C1 /* lab1 */ = {
			isa = PBXGroup;
			children = (
				3C362F8827DAEA5C00C4B3C1 /* main.c */,
			);
			path = lab1;
			sourceTree = "<group>";
		};
		3C362F9227DAF46900C4B3C1 /* lab2 */ = {
			isa = PBXGroup;
			children = (
				3C362F9327DAF46900C4B3C1 /* main.c */,
			);
			path = lab2;
			sourceTree = "<group>";
		};
		3C362F9D27DAF51A00C4B3C1 /* lab3 */ = {
			isa = PBXGroup;
			children = (
				3C362F9E27DAF51A00C4B3C1 /* main.c */,
			);
			path = lab3;
			sourceTree = "<group>";
		};
		3C362FA827DAF54500C4B3C1 /* lab4 */ = {
			isa = PBXGroup;
			children = (
				3C362FA927DAF54500C4B3C1 /* main.c */,
			);
			path = lab4;
			sourceTree = "<group>";
		};
		3C362FB327DAF56A00C4B3C1 /* lab5 */ = {
			isa = PBXGroup;
			children = (
				3C362FB427DAF56A00C4B3C1 /* main.c */,
			);
			path = lab5;
			sourceTree = "<group>";
		};
/* End PBXGroup section */

/* Begin PBXNativeTarget section */
		3C362F7727DAEA3200C4B3C1 /* C-Language-Learning */ = {
			isa = PBXNativeTarget;
			buildConfigurationList = 3C362F7F27DAEA3200C4B3C1 /* Build configuration list for PBXNativeTarget "C-Language-Learning" */;
			buildPhases = (
				3C362F7427DAEA3200C4B3C1 /* Sources */,
				3C362F7527DAEA3200C4B3C1 /* Frameworks */,
				3C362F7627DAEA3200C4B3C1 /* CopyFiles */,
			);
			buildRules = (
			);
			dependencies = (
			);
			name = "C-Language-Learning";
			productName = "C-Language-Learning";
			productReference = 3C362F7827DAEA3200C4B3C1 /* C-Language-Learning */;
			productType = "com.apple.product-type.tool";
		};
		3C362F8527DAEA5C00C4B3C1 /* lab1 */ = {
			isa = PBXNativeTarget;
			buildConfigurationList = 3C362F8A27DAEA5C00C4B3C1 /* Build configuration list for PBXNativeTarget "lab1" */;
			buildPhases = (
				3C362F8227DAEA5C00C4B3C1 /* Sources */,
				3C362F8327DAEA5C00C4B3C1 /* Frameworks */,
				3C362F8427DAEA5C00C4B3C1 /* CopyFiles */,
			);
			buildRules = (
			);
			dependencies = (
			);
			name = lab1;
			productName = lab1;
			productReference = 3C362F8627DAEA5C00C4B3C1 /* lab1 */;
			productType = "com.apple.product-type.tool";
		};
		3C362F9027DAF46900C4B3C1 /* lab2 */ = {
			isa = PBXNativeTarget;
			buildConfigurationList = 3C362F9527DAF46900C4B3C1 /* Build configuration list for PBXNativeTarget "lab2" */;
			buildPhases = (
				3C362F8D27DAF46900C4B3C1 /* Sources */,
				3C362F8E27DAF46900C4B3C1 /* Frameworks */,
				3C362F8F27DAF46900C4B3C1 /* CopyFiles */,
			);
			buildRules = (
			);
			dependencies = (
			);
			name = lab2;
			productName = lab2;
			productReference = 3C362F9127DAF46900C4B3C1 /* lab2 */;
			productType = "com.apple.product-type.tool";
		};
		3C362F9B27DAF51A00C4B3C1 /* lab3 */ = {
			isa = PBXNativeTarget;
			buildConfigurationList = 3C362FA027DAF51A00C4B3C1 /* Build configuration list for PBXNativeTarget "lab3" */;
			buildPhases = (
				3C362F9827DAF51A00C4B3C1 /* Sources */,
				3C362F9927DAF51A00C4B3C1 /* Frameworks */,
				3C362F9A27DAF51A00C4B3C1 /* CopyFiles */,
			);
			buildRules = (
			);
			dependencies = (
			);
			name = lab3;
			productName = lab3;
			productReference = 3C362F9C27DAF51A00C4B3C1 /* lab3 */;
			productType = "com.apple.product-type.tool";
		};
		3C362FA627DAF54500C4B3C1 /* lab4 */ = {
			isa = PBXNativeTarget;
			buildConfigurationList = 3C362FAB27DAF54500C4B3C1 /* Build configuration list for PBXNativeTarget "lab4" */;
			buildPhases = (
				3C362FA327DAF54500C4B3C1 /* Sources */,
				3C362FA427DAF54500C4B3C1 /* Frameworks */,
				3C362FA527DAF54500C4B3C1 /* CopyFiles */,
			);
			buildRules = (
			);
			dependencies = (
			);
			name = lab4;
			productName = lab4;
			productReference = 3C362FA727DAF54500C4B3C1 /* lab4 */;
			productType = "com.apple.product-type.tool";
		};
		3C362FB127DAF56A00C4B3C1 /* lab5 */ = {
			isa = PBXNativeTarget;
			buildConfigurationList = 3C362FB627DAF56A00C4B3C1 /* Build configuration list for PBXNativeTarget "lab5" */;
			buildPhases = (
				3C362FAE27DAF56A00C4B3C1 /* Sources */,
				3C362FAF27DAF56A00C4B3C1 /* Frameworks */,
				3C362FB027DAF56A00C4B3C1 /* CopyFiles */,
			);
			buildRules = (
			);
			dependencies = (
			);
			name = lab5;
			productName = lab5;
			productReference = 3C362FB227DAF56A00C4B3C1 /* lab5 */;
			productType = "com.apple.product-type.tool";
		};
/* End PBXNativeTarget section */

/* Begin PBXProject section */
		3C362F7027DAEA3200C4B3C1 /* Project object */ = {
			isa = PBXProject;
			attributes = {
				BuildIndependentTargetsInParallel = 1;
				LastUpgradeCheck = 1320;
				TargetAttributes = {
					3C362F7727DAEA3200C4B3C1 = {
						CreatedOnToolsVersion = 13.2.1;
					};
					3C362F8527DAEA5C00C4B3C1 = {
						CreatedOnToolsVersion = 13.2.1;
					};
					3C362F9027DAF46900C4B3C1 = {
						CreatedOnToolsVersion = 13.2.1;
					};
					3C362F9B27DAF51A00C4B3C1 = {
						CreatedOnToolsVersion = 13.2.1;
					};
					3C362FA627DAF54500C4B3C1 = {
						CreatedOnToolsVersion = 13.2.1;
					};
					3C362FB127DAF56A00C4B3C1 = {
						CreatedOnToolsVersion = 13.2.1;
					};
				};
			};
			buildConfigurationList = 3C362F7327DAEA3200C4B3C1 /* Build configuration list for PBXProject "lab0" */;
			compatibilityVersion = "Xcode 13.0";
			developmentRegion = en;
			hasScannedForEncodings = 0;
			knownRegions = (
				en,
				Base,
			);
			mainGroup = 3C362F6F27DAEA3200C4B3C1;
			productRefGroup = 3C362F7927DAEA3200C4B3C1 /* Products */;
			projectDirPath = "";
			projectRoot = "";
			targets = (
				3C362F7727DAEA3200C4B3C1 /* C-Language-Learning */,
				3C362F8527DAEA5C00C4B3C1 /* lab1 */,
				3C362F9027DAF46900C4B3C1 /* lab2 */,
				3C362F9B27DAF51A00C4B3C1 /* lab3 */,
				3C362FA627DAF54500C4B3C1 /* lab4 */,
				3C362FB127DAF56A00C4B3C1 /* lab5 */,
			);
		};
/* End PBXProject section */

/* Begin PBXSourcesBuildPhase section */
		3C362F7427DAEA3200C4B3C1 /* Sources */ = {
			isa = PBXSourcesBuildPhase;
			buildActionMask = 2147483647;
			files = (
				3C362F7C27DAEA3200C4B3C1 /* main.c in Sources */,
			);
			runOnlyForDeploymentPostprocessing = 0;
		};
		3C362F8227DAEA5C00C4B3C1 /* Sources */ = {
			isa = PBXSourcesBuildPhase;
			buildActionMask = 2147483647;
			files = (
				3C362F8927DAEA5C00C4B3C1 /* main.c in Sources */,
			);
			runOnlyForDeploymentPostprocessing = 0;
		};
		3C362F8D27DAF46900C4B3C1 /* Sources */ = {
			isa = PBXSourcesBuildPhase;
			buildActionMask = 2147483647;
			files = (
				3C362F9427DAF46900C4B3C1 /* main.c in Sources */,
			);
			runOnlyForDeploymentPostprocessing = 0;
		};
		3C362F9827DAF51A00C4B3C1 /* Sources */ = {
			isa = PBXSourcesBuildPhase;
			buildActionMask = 2147483647;
			files = (
				3C362F9F27DAF51A00C4B3C1 /* main.c in Sources */,
			);
			runOnlyForDeploymentPostprocessing = 0;
		};
		3C362FA327DAF54500C4B3C1 /* Sources */ = {
			isa = PBXSourcesBuildPhase;
			buildActionMask = 2147483647;
			files = (
				3C362FAA27DAF54500C4B3C1 /* main.c in Sources */,
			);
			runOnlyForDeploymentPostprocessing = 0;
		};
		3C362FAE27DAF56A00C4B3C1 /* Sources */ = {
			isa = PBXSourcesBuildPhase;
			buildActionMask = 2147483647;
			files = (
				3C362FB527DAF56A00C4B3C1 /* main.c in Sources */,
			);
			runOnlyForDeploymentPostprocessing = 0;
		};
/* End PBXSourcesBuildPhase section */

/* Begin XCBuildConfiguration section */
		3C362F7D27DAEA3200C4B3C1 /* Debug */ = {
			isa = XCBuildConfiguration;
			buildSettings = {
				ALWAYS_SEARCH_USER_PATHS = NO;
				CLANG_ANALYZER_NONNULL = YES;
				CLANG_ANALYZER_NUMBER_OBJECT_CONVERSION = YES_AGGRESSIVE;
				CLANG_CXX_LANGUAGE_STANDARD = "gnu++17";
				CLANG_CXX_LIBRARY = "libc++";
				CLANG_ENABLE_MODULES = YES;
				CLANG_ENABLE_OBJC_ARC = YES;
				CLANG_ENABLE_OBJC_WEAK = YES;
				CLANG_WARN_BLOCK_CAPTURE_AUTORELEASING = YES;
				CLANG_WARN_BOOL_CONVERSION = YES;
				CLANG_WARN_COMMA = YES;
				CLANG_WARN_CONSTANT_CONVERSION = YES;
				CLANG_WARN_DEPRECATED_OBJC_IMPLEMENTATIONS = YES;
				CLANG_WARN_DIRECT_OBJC_ISA_USAGE = YES_ERROR;
				CLANG_WARN_DOCUMENTATION_COMMENTS = YES;
				CLANG_WARN_EMPTY_BODY = YES;
				CLANG_WARN_ENUM_CONVERSION = YES;
				CLANG_WARN_INFINITE_RECURSION = YES;
				CLANG_WARN_INT_CONVERSION = YES;
				CLANG_WARN_NON_LITERAL_NULL_CONVERSION = YES;
				CLANG_WARN_OBJC_IMPLICIT_RETAIN_SELF = YES;
				CLANG_WARN_OBJC_LITERAL_CONVERSION = YES;
				CLANG_WARN_OBJC_ROOT_CLASS = YES_ERROR;
				CLANG_WARN_QUOTED_INCLUDE_IN_FRAMEWORK_HEADER = YES;
				CLANG_WARN_RANGE_LOOP_ANALYSIS = YES;
				CLANG_WARN_STRICT_PROTOTYPES = YES;
				CLANG_WARN_SUSPICIOUS_MOVE = YES;
				CLANG_WARN_UNGUARDED_AVAILABILITY = YES_AGGRESSIVE;
				CLANG_WARN_UNREACHABLE_CODE = YES;
				CLANG_WARN__DUPLICATE_METHOD_MATCH = YES;
				COPY_PHASE_STRIP = NO;
				DEBUG_INFORMATION_FORMAT = dwarf;
				ENABLE_STRICT_OBJC_MSGSEND = YES;
				ENABLE_TESTABILITY = YES;
				GCC_C_LANGUAGE_STANDARD = gnu11;
				GCC_DYNAMIC_NO_PIC = NO;
				GCC_NO_COMMON_BLOCKS = YES;
				GCC_OPTIMIZATION_LEVEL = 0;
				GCC_PREPROCESSOR_DEFINITIONS = (
					"DEBUG=1",
					"$(inherited)",
				);
				GCC_WARN_64_TO_32_BIT_CONVERSION = YES;
				GCC_WARN_ABOUT_RETURN_TYPE = YES_ERROR;
				GCC_WARN_UNDECLARED_SELECTOR = YES;
				GCC_WARN_UNINITIALIZED_AUTOS = YES_AGGRESSIVE;
				GCC_WARN_UNUSED_FUNCTION = YES;
				GCC_WARN_UNUSED_VARIABLE = YES;
				MACOSX_DEPLOYMENT_TARGET = 12.1;
				MTL_ENABLE_DEBUG_INFO = INCLUDE_SOURCE;
				MTL_FAST_MATH = YES;
				ONLY_ACTIVE_ARCH = YES;
				SDKROOT = macosx;
			};
			name = Debug;
		};
		3C362F7E27DAEA3200C4B3C1 /* Release */ = {
			isa = XCBuildConfiguration;
			buildSettings = {
				ALWAYS_SEARCH_USER_PATHS = NO;
				CLANG_ANALYZER_NONNULL = YES;
				CLANG_ANALYZER_NUMBER_OBJECT_CONVERSION = YES_AGGRESSIVE;
				CLANG_CXX_LANGUAGE_STANDARD = "gnu++17";
				CLANG_CXX_LIBRARY = "libc++";
				CLANG_ENABLE_MODULES = YES;
				CLANG_ENABLE_OBJC_ARC = YES;
				CLANG_ENABLE_OBJC_WEAK = YES;
				CLANG_WARN_BLOCK_CAPTURE_AUTORELEASING = YES;
				CLANG_WARN_BOOL_CONVERSION = YES;
				CLANG_WARN_COMMA = YES;
				CLANG_WARN_CONSTANT_CONVERSION = YES;
				CLANG_WARN_DEPRECATED_OBJC_IMPLEMENTATIONS = YES;
				CLANG_WARN_DIRECT_OBJC_ISA_USAGE = YES_ERROR;
				CLANG_WARN_DOCUMENTATION_COMMENTS = YES;
				CLANG_WARN_EMPTY_BODY = YES;
				CLANG_WARN_ENUM_CONVERSION = YES;
				CLANG_WARN_INFINITE_RECURSION = YES;
				CLANG_WARN_INT_CONVERSION = YES;
				CLANG_WARN_NON_LITERAL_NULL_CONVERSION = YES;
				CLANG_WARN_OBJC_IMPLICIT_RETAIN_SELF = YES;
				CLANG_WARN_OBJC_LITERAL_CONVERSION = YES;
				CLANG_WARN_OBJC_ROOT_CLASS = YES_ERROR;
				CLANG_WARN_QUOTED_INCLUDE_IN_FRAMEWORK_HEADER = YES;
				CLANG_WARN_RANGE_LOOP_ANALYSIS = YES;
				CLANG_WARN_STRICT_PROTOTYPES = YES;
				CLANG_WARN_SUSPICIOUS_MOVE = YES;
				CLANG_WARN_UNGUARDED_AVAILABILITY = YES_AGGRESSIVE;
				CLANG_WARN_UNREACHABLE_CODE = YES;
				CLANG_WARN__DUPLICATE_METHOD_MATCH = YES;
				COPY_PHASE_STRIP = NO;
				DEBUG_INFORMATION_FORMAT = "dwarf-with-dsym";
				ENABLE_NS_ASSERTIONS = NO;
				ENABLE_STRICT_OBJC_MSGSEND = YES;
				GCC_C_LANGUAGE_STANDARD = gnu11;
				GCC_NO_COMMON_BLOCKS = YES;
				GCC_WARN_64_TO_32_BIT_CONVERSION = YES;
				GCC_WARN_ABOUT_RETURN_TYPE = YES_ERROR;
				GCC_WARN_UNDECLARED_SELECTOR = YES;
				GCC_WARN_UNINITIALIZED_AUTOS = YES_AGGRESSIVE;
				GCC_WARN_UNUSED_FUNCTION = YES;
				GCC_WARN_UNUSED_VARIABLE = YES;
				MACOSX_DEPLOYMENT_TARGET = 12.1;
				MTL_ENABLE_DEBUG_INFO = NO;
				MTL_FAST_MATH = YES;
				SDKROOT = macosx;
			};
			name = Release;
		};
		3C362F8027DAEA3200C4B3C1 /* Debug */ = {
			isa = XCBuildConfiguration;
			buildSettings = {
				CODE_SIGN_STYLE = Automatic;
				PRODUCT_NAME = "$(TARGET_NAME)";
			};
			name = Debug;
		};
		3C362F8127DAEA3200C4B3C1 /* Release */ = {
			isa = XCBuildConfiguration;
			buildSettings = {
				CODE_SIGN_STYLE = Automatic;
				PRODUCT_NAME = "$(TARGET_NAME)";
			};
			name = Release;
		};
		3C362F8B27DAEA5C00C4B3C1 /* Debug */ = {
			isa = XCBuildConfiguration;
			buildSettings = {
				CODE_SIGN_STYLE = Automatic;
				PRODUCT_NAME = "$(TARGET_NAME)";
			};
			name = Debug;
		};
		3C362F8C27DAEA5C00C4B3C1 /* Release */ = {
			isa = XCBuildConfiguration;
			buildSettings = {
				CODE_SIGN_STYLE = Automatic;
				PRODUCT_NAME = "$(TARGET_NAME)";
			};
			name = Release;
		};
		3C362F9627DAF46900C4B3C1 /* Debug */ = {
			isa = XCBuildConfiguration;
			buildSettings = {
				CODE_SIGN_STYLE = Automatic;
				PRODUCT_NAME = "$(TARGET_NAME)";
			};
			name = Debug;
		};
		3C362F9727DAF46900C4B3C1 /* Release */ = {
			isa = XCBuildConfiguration;
			buildSettings = {
				CODE_SIGN_STYLE = Automatic;
				PRODUCT_NAME = "$(TARGET_NAME)";
			};
			name = Release;
		};
		3C362FA127DAF51A00C4B3C1 /* Debug */ = {
			isa = XCBuildConfiguration;
			buildSettings = {
				CODE_SIGN_STYLE = Automatic;
				PRODUCT_NAME = "$(TARGET_NAME)";
			};
			name = Debug;
		};
		3C362FA227DAF51A00C4B3C1 /* Release */ = {
			isa = XCBuildConfiguration;
			buildSettings = {
				CODE_SIGN_STYLE = Automatic;
				PRODUCT_NAME = "$(TARGET_NAME)";
			};
			name = Release;
		};
		3C362FAC27DAF54500C4B3C1 /* Debug */ = {
			isa = XCBuildConfiguration;
			buildSettings = {
				CODE_SIGN_STYLE = Automatic;
				PRODUCT_NAME = "$(TARGET_NAME)";
			};
			name = Debug;
		};
		3C362FAD27DAF54500C4B3C1 /* Release */ = {
			isa = XCBuildConfiguration;
			buildSettings = {
				CODE_SIGN_STYLE = Automatic;
				PRODUCT_NAME = "$(TARGET_NAME)";
			};
			name = Release;
		};
		3C362FB727DAF56A00C4B3C1 /* Debug */ = {
			isa = XCBuildConfiguration;
			buildSettings = {
				CODE_SIGN_STYLE = Automatic;
				PRODUCT_NAME = "$(TARGET_NAME)";
			};
			name = Debug;
		};
		3C362FB827DAF56A00C4B3C1 /* Release */ = {
			isa = XCBuildConfiguration;
			buildSettings = {
				CODE_SIGN_STYLE = Automatic;
				PRODUCT_NAME = "$(TARGET_NAME)";
			};
			name = Release;
		};
/* End XCBuildConfiguration section */

/* Begin XCConfigurationList section */
		3C362F7327DAEA3200C4B3C1 /* Build configuration list for PBXProject "lab0" */ = {
			isa = XCConfigurationList;
			buildConfigurations = (
				3C362F7D27DAEA3200C4B3C1 /* Debug */,
				3C362F7E27DAEA3200C4B3C1 /* Release */,
			);
			defaultConfigurationIsVisible = 0;
			defaultConfigurationName = Release;
		};
		3C362F7F27DAEA3200C4B3C1 /* Build configuration list for PBXNativeTarget "C-Language-Learning" */ = {
			isa = XCConfigurationList;
			buildConfigurations = (
				3C362F8027DAEA3200C4B3C1 /* Debug */,
				3C362F8127DAEA3200C4B3C1 /* Release */,
			);
			defaultConfigurationIsVisible = 0;
			defaultConfigurationName = Release;
		};
		3C362F8A27DAEA5C00C4B3C1 /* Build configuration list for PBXNativeTarget "lab1" */ = {
			isa = XCConfigurationList;
			buildConfigurations = (
				3C362F8B27DAEA5C00C4B3C1 /* Debug */,
				3C362F8C27DAEA5C00C4B3C1 /* Release */,
			);
			defaultConfigurationIsVisible = 0;
			defaultConfigurationName = Release;
		};
		3C362F9527DAF46900C4B3C1 /* Build configuration list for PBXNativeTarget "lab2" */ = {
			isa = XCConfigurationList;
			buildConfigurations = (
				3C362F9627DAF46900C4B3C1 /* Debug */,
				3C362F9727DAF46900C4B3C1 /* Release */,
			);
			defaultConfigurationIsVisible = 0;
			defaultConfigurationName = Release;
		};
		3C362FA027DAF51A00C4B3C1 /* Build configuration list for PBXNativeTarget "lab3" */ = {
			isa = XCConfigurationList;
			buildConfigurations = (
				3C362FA127DAF51A00C4B3C1 /* Debug */,
				3C362FA227DAF51A00C4B3C1 /* Release */,
			);
			defaultConfigurationIsVisible = 0;
			defaultConfigurationName = Release;
		};
		3C362FAB27DAF54500C4B3C1 /* Build configuration list for PBXNativeTarget "lab4" */ = {
			isa = XCConfigurationList;
			buildConfigurations = (
				3C362FAC27DAF54500C4B3C1 /* Debug */,
				3C362FAD27DAF54500C4B3C1 /* Release */,
			);
			defaultConfigurationIsVisible = 0;
			defaultConfigurationName = Release;
		};
		3C362FB627DAF56A00C4B3C1 /* Build configuration list for PBXNativeTarget "lab5" */ = {
			isa = XCConfigurationList;
			buildConfigurations = (
				3C362FB727DAF56A00C4B3C1 /* Debug */,
				3C362FB827DAF56A00C4B3C1 /* Release */,
			);
			defaultConfigurationIsVisible = 0;
			defaultConfigurationName = Release;
		};
/* End XCConfigurationList section */
	};
	rootObject = 3C362F7027DAEA3200C4B3C1 /* Project object */;
}
