// !$*UTF8*$!
{
	archiveVersion = 1;
	classes = {
	};
	objectVersion = 55;
	objects = {

/* Begin PBXBuildFile section */
		3C362F4A27DADF3000C4B3C1 /* main.c in Sources */ = {isa = PBXBuildFile; fileRef = 3C362F4927DADF3000C4B3C1 /* main.c */; };
		3C362F5527DADFE000C4B3C1 /* lab2.c in Sources */ = {isa = PBXBuildFile; fileRef = 3C362F5427DADFE000C4B3C1 /* lab2.c */; };
		3C362F5727DAE01700C4B3C1 /* lab1.c in Sources */ = {isa = PBXBuildFile; fileRef = 3C362F5627DAE01700C4B3C1 /* lab1.c */; };
		3C362F5B27DAE15E00C4B3C1 /* lab3.c in Sources */ = {isa = PBXBuildFile; fileRef = 3C362F5A27DAE15E00C4B3C1 /* lab3.c */; };
		3C362F5D27DAE22300C4B3C1 /* lab4.c in Sources */ = {isa = PBXBuildFile; fileRef = 3C362F5C27DAE22300C4B3C1 /* lab4.c */; };
		3C362F5F27DAE25C00C4B3C1 /* lab5.c in Sources */ = {isa = PBXBuildFile; fileRef = 3C362F5E27DAE25C00C4B3C1 /* lab5.c */; };
		3C362F6127DAE29300C4B3C1 /* lab6.c in Sources */ = {isa = PBXBuildFile; fileRef = 3C362F6027DAE29300C4B3C1 /* lab6.c */; };
/* End PBXBuildFile section */

/* Begin PBXCopyFilesBuildPhase section */
		3C362F4427DADF3000C4B3C1 /* CopyFiles */ = {
			isa = PBXCopyFilesBuildPhase;
			buildActionMask = 2147483647;
			dstPath = /usr/share/man/man1/;
			dstSubfolderSpec = 0;
			files = (
			);
			runOnlyForDeploymentPostprocessing = 1;
		};
/* End PBXCopyFilesBuildPhase section */

/* Begin PBXFileReference section */
		3C362F4627DADF3000C4B3C1 /* C-Language-Learning */ = {isa = PBXFileReference; explicitFileType = "compiled.mach-o.executable"; includeInIndex = 0; path = "C-Language-Learning"; sourceTree = BUILT_PRODUCTS_DIR; };
		3C362F4927DADF3000C4B3C1 /* main.c */ = {isa = PBXFileReference; lastKnownFileType = sourcecode.c.c; path = main.c; sourceTree = "<group>"; };
		3C362F5427DADFE000C4B3C1 /* lab2.c */ = {isa = PBXFileReference; lastKnownFileType = sourcecode.c.c; path = lab2.c; sourceTree = "<group>"; };
		3C362F5627DAE01700C4B3C1 /* lab1.c */ = {isa = PBXFileReference; fileEncoding = 4; lastKnownFileType = sourcecode.c.c; path = lab1.c; sourceTree = "<group>"; };
		3C362F5A27DAE15E00C4B3C1 /* lab3.c */ = {isa = PBXFileReference; lastKnownFileType = sourcecode.c.c; path = lab3.c; sourceTree = "<group>"; };
		3C362F5C27DAE22300C4B3C1 /* lab4.c */ = {isa = PBXFileReference; lastKnownFileType = sourcecode.c.c; path = lab4.c; sourceTree = "<group>"; };
		3C362F5E27DAE25C00C4B3C1 /* lab5.c */ = {isa = PBXFileReference; lastKnownFileType = sourcecode.c.c; path = lab5.c; sourceTree = "<group>"; };
		3C362F6027DAE29300C4B3C1 /* lab6.c */ = {isa = PBXFileReference; lastKnownFileType = sourcecode.c.c; path = lab6.c; sourceTree = "<group>"; };
/* End PBXFileReference section */

/* Begin PBXFrameworksBuildPhase section */
		3C362F4327DADF3000C4B3C1 /* Frameworks */ = {
			isa = PBXFrameworksBuildPhase;
			buildActionMask = 2147483647;
			files = (
			);
			runOnlyForDeploymentPostprocessing = 0;
		};
/* End PBXFrameworksBuildPhase section */

/* Begin PBXGroup section */
		3C362F3D27DADF3000C4B3C1 = {
			isa = PBXGroup;
			children = (
				3C362F4827DADF3000C4B3C1 /* scr */,
				3C362F4727DADF3000C4B3C1 /* Products */,
			);
			sourceTree = "<group>";
		};
		3C362F4727DADF3000C4B3C1 /* Products */ = {
			isa = PBXGroup;
			children = (
				3C362F4627DADF3000C4B3C1 /* C-Language-Learning */,
			);
			name = Products;
			sourceTree = "<group>";
		};
		3C362F4827DADF3000C4B3C1 /* scr */ = {
			isa = PBXGroup;
			children = (
				3C362F4927DADF3000C4B3C1 /* main.c */,
				3C362F5627DAE01700C4B3C1 /* lab1.c */,
				3C362F5427DADFE000C4B3C1 /* lab2.c */,
				3C362F5A27DAE15E00C4B3C1 /* lab3.c */,
				3C362F5C27DAE22300C4B3C1 /* lab4.c */,
				3C362F5E27DAE25C00C4B3C1 /* lab5.c */,
				3C362F6027DAE29300C4B3C1 /* lab6.c */,
			);
			path = scr;
			sourceTree = "<group>";
		};
/* End PBXGroup section */

/* Begin PBXNativeTarget section */
		3C362F4527DADF3000C4B3C1 /* C-Language-Learning */ = {
			isa = PBXNativeTarget;
			buildConfigurationList = 3C362F4D27DADF3000C4B3C1 /* Build configuration list for PBXNativeTarget "C-Language-Learning" */;
			buildPhases = (
				3C362F4227DADF3000C4B3C1 /* Sources */,
				3C362F4327DADF3000C4B3C1 /* Frameworks */,
				3C362F4427DADF3000C4B3C1 /* CopyFiles */,
			);
			buildRules = (
			);
			dependencies = (
			);
			name = "C-Language-Learning";
			productName = "C-Language-Learning";
			productReference = 3C362F4627DADF3000C4B3C1 /* C-Language-Learning */;
			productType = "com.apple.product-type.tool";
		};
/* End PBXNativeTarget section */

/* Begin PBXProject section */
		3C362F3E27DADF3000C4B3C1 /* Project object */ = {
			isa = PBXProject;
			attributes = {
				BuildIndependentTargetsInParallel = 1;
				LastUpgradeCheck = 1320;
				TargetAttributes = {
					3C362F4527DADF3000C4B3C1 = {
						CreatedOnToolsVersion = 13.2.1;
					};
				};
			};
			buildConfigurationList = 3C362F4127DADF3000C4B3C1 /* Build configuration list for PBXProject "C-Language-Learning" */;
			compatibilityVersion = "Xcode 13.0";
			developmentRegion = en;
			hasScannedForEncodings = 0;
			knownRegions = (
				en,
				Base,
			);
			mainGroup = 3C362F3D27DADF3000C4B3C1;
			productRefGroup = 3C362F4727DADF3000C4B3C1 /* Products */;
			projectDirPath = "";
			projectRoot = "";
			targets = (
				3C362F4527DADF3000C4B3C1 /* C-Language-Learning */,
			);
		};
/* End PBXProject section */

/* Begin PBXSourcesBuildPhase section */
		3C362F4227DADF3000C4B3C1 /* Sources */ = {
			isa = PBXSourcesBuildPhase;
			buildActionMask = 2147483647;
			files = (
				3C362F5D27DAE22300C4B3C1 /* lab4.c in Sources */,
				3C362F5F27DAE25C00C4B3C1 /* lab5.c in Sources */,
				3C362F4A27DADF3000C4B3C1 /* main.c in Sources */,
				3C362F5B27DAE15E00C4B3C1 /* lab3.c in Sources */,
				3C362F6127DAE29300C4B3C1 /* lab6.c in Sources */,
				3C362F5527DADFE000C4B3C1 /* lab2.c in Sources */,
				3C362F5727DAE01700C4B3C1 /* lab1.c in Sources */,
			);
			runOnlyForDeploymentPostprocessing = 0;
		};
/* End PBXSourcesBuildPhase section */

/* Begin XCBuildConfiguration section */
		3C362F4B27DADF3000C4B3C1 /* Debug */ = {
			isa = XCBuildConfiguration;
			buildSettings = {
				ALWAYS_SEARCH_USER_PATHS = NO;
				CLANG_ANALYZER_NONNULL = YES;
				CLANG_ANALYZER_NUMBER_OBJECT_CONVERSION = YES_AGGRESSIVE;
				CLANG_CXX_LANGUAGE_STANDARD = "gnu++17";
				CLANG_CXX_LIBRARY = "libc++";
				CLANG_ENABLE_MODULES = YES;
				CLANG_ENABLE_OBJC_ARC = YES;
				CLANG_ENABLE_OBJC_WEAK = YES;
				CLANG_WARN_BLOCK_CAPTURE_AUTORELEASING = YES;
				CLANG_WARN_BOOL_CONVERSION = YES;
				CLANG_WARN_COMMA = YES;
				CLANG_WARN_CONSTANT_CONVERSION = YES;
				CLANG_WARN_DEPRECATED_OBJC_IMPLEMENTATIONS = YES;
				CLANG_WARN_DIRECT_OBJC_ISA_USAGE = YES_ERROR;
				CLANG_WARN_DOCUMENTATION_COMMENTS = YES;
				CLANG_WARN_EMPTY_BODY = YES;
				CLANG_WARN_ENUM_CONVERSION = YES;
				CLANG_WARN_INFINITE_RECURSION = YES;
				CLANG_WARN_INT_CONVERSION = YES;
				CLANG_WARN_NON_LITERAL_NULL_CONVERSION = YES;
				CLANG_WARN_OBJC_IMPLICIT_RETAIN_SELF = YES;
				CLANG_WARN_OBJC_LITERAL_CONVERSION = YES;
				CLANG_WARN_OBJC_ROOT_CLASS = YES_ERROR;
				CLANG_WARN_QUOTED_INCLUDE_IN_FRAMEWORK_HEADER = YES;
				CLANG_WARN_RANGE_LOOP_ANALYSIS = YES;
				CLANG_WARN_STRICT_PROTOTYPES = YES;
				CLANG_WARN_SUSPICIOUS_MOVE = YES;
				CLANG_WARN_UNGUARDED_AVAILABILITY = YES_AGGRESSIVE;
				CLANG_WARN_UNREACHABLE_CODE = YES;
				CLANG_WARN__DUPLICATE_METHOD_MATCH = YES;
				COPY_PHASE_STRIP = NO;
				DEBUG_INFORMATION_FORMAT = dwarf;
				ENABLE_STRICT_OBJC_MSGSEND = YES;
				ENABLE_TESTABILITY = YES;
				GCC_C_LANGUAGE_STANDARD = gnu11;
				GCC_DYNAMIC_NO_PIC = NO;
				GCC_NO_COMMON_BLOCKS = YES;
				GCC_OPTIMIZATION_LEVEL = 0;
				GCC_PREPROCESSOR_DEFINITIONS = (
					"DEBUG=1",
					"$(inherited)",
				);
				GCC_WARN_64_TO_32_BIT_CONVERSION = YES;
				GCC_WARN_ABOUT_RETURN_TYPE = YES_ERROR;
				GCC_WARN_UNDECLARED_SELECTOR = YES;
				GCC_WARN_UNINITIALIZED_AUTOS = YES_AGGRESSIVE;
				GCC_WARN_UNUSED_FUNCTION = YES;
				GCC_WARN_UNUSED_VARIABLE = YES;
				MACOSX_DEPLOYMENT_TARGET = 12.1;
				MTL_ENABLE_DEBUG_INFO = INCLUDE_SOURCE;
				MTL_FAST_MATH = YES;
				ONLY_ACTIVE_ARCH = YES;
				SDKROOT = macosx;
			};
			name = Debug;
		};
		3C362F4C27DADF3000C4B3C1 /* Release */ = {
			isa = XCBuildConfiguration;
			buildSettings = {
				ALWAYS_SEARCH_USER_PATHS = NO;
				CLANG_ANALYZER_NONNULL = YES;
				CLANG_ANALYZER_NUMBER_OBJECT_CONVERSION = YES_AGGRESSIVE;
				CLANG_CXX_LANGUAGE_STANDARD = "gnu++17";
				CLANG_CXX_LIBRARY = "libc++";
				CLANG_ENABLE_MODULES = YES;
				CLANG_ENABLE_OBJC_ARC = YES;
				CLANG_ENABLE_OBJC_WEAK = YES;
				CLANG_WARN_BLOCK_CAPTURE_AUTORELEASING = YES;
				CLANG_WARN_BOOL_CONVERSION = YES;
				CLANG_WARN_COMMA = YES;
				CLANG_WARN_CONSTANT_CONVERSION = YES;
				CLANG_WARN_DEPRECATED_OBJC_IMPLEMENTATIONS = YES;
				CLANG_WARN_DIRECT_OBJC_ISA_USAGE = YES_ERROR;
				CLANG_WARN_DOCUMENTATION_COMMENTS = YES;
				CLANG_WARN_EMPTY_BODY = YES;
				CLANG_WARN_ENUM_CONVERSION = YES;
				CLANG_WARN_INFINITE_RECURSION = YES;
				CLANG_WARN_INT_CONVERSION = YES;
				CLANG_WARN_NON_LITERAL_NULL_CONVERSION = YES;
				CLANG_WARN_OBJC_IMPLICIT_RETAIN_SELF = YES;
				CLANG_WARN_OBJC_LITERAL_CONVERSION = YES;
				CLANG_WARN_OBJC_ROOT_CLASS = YES_ERROR;
				CLANG_WARN_QUOTED_INCLUDE_IN_FRAMEWORK_HEADER = YES;
				CLANG_WARN_RANGE_LOOP_ANALYSIS = YES;
				CLANG_WARN_STRICT_PROTOTYPES = YES;
				CLANG_WARN_SUSPICIOUS_MOVE = YES;
				CLANG_WARN_UNGUARDED_AVAILABILITY = YES_AGGRESSIVE;
				CLANG_WARN_UNREACHABLE_CODE = YES;
				CLANG_WARN__DUPLICATE_METHOD_MATCH = YES;
				COPY_PHASE_STRIP = NO;
				DEBUG_INFORMATION_FORMAT = "dwarf-with-dsym";
				ENABLE_NS_ASSERTIONS = NO;
				ENABLE_STRICT_OBJC_MSGSEND = YES;
				GCC_C_LANGUAGE_STANDARD = gnu11;
				GCC_NO_COMMON_BLOCKS = YES;
				GCC_WARN_64_TO_32_BIT_CONVERSION = YES;
				GCC_WARN_ABOUT_RETURN_TYPE = YES_ERROR;
				GCC_WARN_UNDECLARED_SELECTOR = YES;
				GCC_WARN_UNINITIALIZED_AUTOS = YES_AGGRESSIVE;
				GCC_WARN_UNUSED_FUNCTION = YES;
				GCC_WARN_UNUSED_VARIABLE = YES;
				MACOSX_DEPLOYMENT_TARGET = 12.1;
				MTL_ENABLE_DEBUG_INFO = NO;
				MTL_FAST_MATH = YES;
				SDKROOT = macosx;
			};
			name = Release;
		};
		3C362F4E27DADF3000C4B3C1 /* Debug */ = {
			isa = XCBuildConfiguration;
			buildSettings = {
				CODE_SIGN_STYLE = Automatic;
				PRODUCT_NAME = "$(TARGET_NAME)";
			};
			name = Debug;
		};
		3C362F4F27DADF3000C4B3C1 /* Release */ = {
			isa = XCBuildConfiguration;
			buildSettings = {
				CODE_SIGN_STYLE = Automatic;
				PRODUCT_NAME = "$(TARGET_NAME)";
			};
			name = Release;
		};
/* End XCBuildConfiguration section */

/* Begin XCConfigurationList section */
		3C362F4127DADF3000C4B3C1 /* Build configuration list for PBXProject "C-Language-Learning" */ = {
			isa = XCConfigurationList;
			buildConfigurations = (
				3C362F4B27DADF3000C4B3C1 /* Debug */,
				3C362F4C27DADF3000C4B3C1 /* Release */,
			);
			defaultConfigurationIsVisible = 0;
			defaultConfigurationName = Release;
		};
		3C362F4D27DADF3000C4B3C1 /* Build configuration list for PBXNativeTarget "C-Language-Learning" */ = {
			isa = XCConfigurationList;
			buildConfigurations = (
				3C362F4E27DADF3000C4B3C1 /* Debug */,
				3C362F4F27DADF3000C4B3C1 /* Release */,
			);
			defaultConfigurationIsVisible = 0;
			defaultConfigurationName = Release;
		};
/* End XCConfigurationList section */
	};
	rootObject = 3C362F3E27DADF3000C4B3C1 /* Project object */;
}
